
Microsoft Visual Studio Solution File, Format Version 12.00
# Visual Studio Version 16
VisualStudioVersion = 16.0.28917.182
MinimumVisualStudioVersion = 15.0.26124.0
Project("{9A19103F-16F7-4668-BE54-9A1E7A4F7556}") = "BlazorPrerendering.Client", "src\BlazorPrerendering.Client\BlazorPrerendering.Client.csproj", "{368CB580-EFDB-48B6-93EB-3A2B4F4EDEFA}"
EndProject
Project("{FAE04EC0-301F-11D3-BF4B-00C04F79EFBC}") = "BlazorPrerendering.Server", "src\BlazorPrerendering.Server\BlazorPrerendering.Server.csproj", "{A684503F-307D-45B7-811B-85A5557953DB}"
EndProject
Global
	GlobalSection(SolutionConfigurationPlatforms) = preSolution
		Debug|Any CPU = Debug|Any CPU
		Debug|x64 = Debug|x64
		Debug|x86 = Debug|x86
		Release|Any CPU = Release|Any CPU
		Release|x64 = Release|x64
		Release|x86 = Release|x86
	EndGlobalSection
	GlobalSection(ProjectConfigurationPlatforms) = postSolution
		{368CB580-EFDB-48B6-93EB-3A2B4F4EDEFA}.Debug|Any CPU.ActiveCfg = Debug|Any CPU
		{368CB580-EFDB-48B6-93EB-3A2B4F4EDEFA}.Debug|Any CPU.Build.0 = Debug|Any CPU
		{368CB580-EFDB-48B6-93EB-3A2B4F4EDEFA}.Debug|x64.ActiveCfg = Debug|Any CPU
		{368CB580-EFDB-48B6-93EB-3A2B4F4EDEFA}.Debug|x64.Build.0 = Debug|Any CPU
		{368CB580-EFDB-48B6-93EB-3A2B4F4EDEFA}.Debug|x86.ActiveCfg = Debug|Any CPU
		{368CB580-EFDB-48B6-93EB-3A2B4F4EDEFA}.Debug|x86.Build.0 = Debug|Any CPU
		{368CB580-EFDB-48B6-93EB-3A2B4F4EDEFA}.Release|Any CPU.ActiveCfg = Release|Any CPU
		{368CB580-EFDB-48B6-93EB-3A2B4F4EDEFA}.Release|Any CPU.Build.0 = Release|Any CPU
		{368CB580-EFDB-48B6-93EB-3A2B4F4EDEFA}.Release|x64.ActiveCfg = Release|Any CPU
		{368CB580-EFDB-48B6-93EB-3A2B4F4EDEFA}.Release|x64.Build.0 = Release|Any CPU
		{368CB580-EFDB-48B6-93EB-3A2B4F4EDEFA}.Release|x86.ActiveCfg = Release|Any CPU
		{368CB580-EFDB-48B6-93EB-3A2B4F4EDEFA}.Release|x86.Build.0 = Release|Any CPU
		{A684503F-307D-45B7-811B-85A5557953DB}.Debug|Any CPU.ActiveCfg = Debug|Any CPU
		{A684503F-307D-45B7-811B-85A5557953DB}.Debug|Any CPU.Build.0 = Debug|Any CPU
		{A684503F-307D-45B7-811B-85A5557953DB}.Debug|x64.ActiveCfg = Debug|Any CPU
		{A684503F-307D-45B7-811B-85A5557953DB}.Debug|x64.Build.0 = Debug|Any CPU
		{A684503F-307D-45B7-811B-85A5557953DB}.Debug|x86.ActiveCfg = Debug|Any CPU
		{A684503F-307D-45B7-811B-85A5557953DB}.Debug|x86.Build.0 = Debug|Any CPU
		{A684503F-307D-45B7-811B-85A5557953DB}.Release|Any CPU.ActiveCfg = Release|Any CPU
		{A684503F-307D-45B7-811B-85A5557953DB}.Release|Any CPU.Build.0 = Release|Any CPU
		{A684503F-307D-45B7-811B-85A5557953DB}.Release|x64.ActiveCfg = Release|Any CPU
		{A684503F-307D-45B7-811B-85A5557953DB}.Release|x64.Build.0 = Release|Any CPU
		{A684503F-307D-45B7-811B-85A5557953DB}.Release|x86.ActiveCfg = Release|Any CPU
		{A684503F-307D-45B7-811B-85A5557953DB}.Release|x86.Build.0 = Release|Any CPU
	EndGlobalSection
	GlobalSection(SolutionProperties) = preSolution
		HideSolutionNode = FALSE
	EndGlobalSection
	GlobalSection(ExtensibilityGlobals) = postSolution
		SolutionGuid = {2F9056B6-B59C-4868-8BA2-F0C1C69B205B}
	EndGlobalSection
EndGlobal
